{
  "name": "emojinsert",
  "version": "0.0.1",
  "lockfileVersion": 1,
  "requires": true,
  "dependencies": {
    "@webcomponents/custom-elements": {
      "version": "1.2.1",
      "resolved": "https://registry.npmjs.org/@webcomponents/custom-elements/-/custom-elements-1.2.1.tgz",
      "integrity": "sha512-flmTp4rVbBkcUIF3eBO3LNoAaYvleTdhPZKzdzr6iztWLLrxCctcK+7MAQeC3/SPjc3JDdC3jYLMRF4R6C3f9g=="
    },
    "localstoragedb": {
      "version": "2.3.2",
      "resolved": "https://registry.npmjs.org/localstoragedb/-/localstoragedb-2.3.2.tgz",
      "integrity": "sha512-OvRGY7CE0M/RL++3oqKKXax9OCtcQGFHyUzjlmeILB2rRP2Ebk8TMojZ2EWsfuUGyN8+Yr7FV35kXgl0q8Yxow=="
    }
  }
}
