{
  "name": "emojinsert",
  "version": "0.0.1",
  "lockfileVersion": 1,
  "requires": true,
  "dependencies": {
    "@webcomponents/webcomponentsjs": {
      "version": "2.2.1",
      "resolved": "https://registry.npmjs.org/@webcomponents/webcomponentsjs/-/webcomponentsjs-2.2.1.tgz",
      "integrity": "sha512-lZZ+Lkke6JhsJcQQqSVk1Pny6/8y4qhJ98LO7a/MwBSRO8WqHqK1X2vscfeL8vOnYGFnmBUyVG95lwYv/AXyLQ=="
    },
    "localstoragedb": {
      "version": "2.3.2",
      "resolved": "https://registry.npmjs.org/localstoragedb/-/localstoragedb-2.3.2.tgz",
      "integrity": "sha512-OvRGY7CE0M/RL++3oqKKXax9OCtcQGFHyUzjlmeILB2rRP2Ebk8TMojZ2EWsfuUGyN8+Yr7FV35kXgl0q8Yxow=="
    }
  }
}
